
Microsoft Visual Studio Solution File, Format Version 12.00
# Visual Studio Version 16
VisualStudioVersion = 16.0.29326.143
MinimumVisualStudioVersion = 10.0.40219.1
Project("{9A19103F-16F7-4668-BE54-9A1E7A4F7556}") = "Deatils", "Frameworks.Web\Deatils.csproj", "{81E50C8B-ED96-4B17-BFEB-7C6CA21654D8}"
EndProject
Project("{9A19103F-16F7-4668-BE54-9A1E7A4F7556}") = "Application", "Application\Application.csproj", "{30F38D0E-9501-4ED0-9285-2CE07572290A}"
EndProject
Global
	GlobalSection(SolutionConfigurationPlatforms) = preSolution
		Debug|Any CPU = Debug|Any CPU
		Release|Any CPU = Release|Any CPU
	EndGlobalSection
	GlobalSection(ProjectConfigurationPlatforms) = postSolution
		{81E50C8B-ED96-4B17-BFEB-7C6CA21654D8}.Debug|Any CPU.ActiveCfg = Debug|Any CPU
		{81E50C8B-ED96-4B17-BFEB-7C6CA21654D8}.Debug|Any CPU.Build.0 = Debug|Any CPU
		{81E50C8B-ED96-4B17-BFEB-7C6CA21654D8}.Release|Any CPU.ActiveCfg = Release|Any CPU
		{81E50C8B-ED96-4B17-BFEB-7C6CA21654D8}.Release|Any CPU.Build.0 = Release|Any CPU
		{30F38D0E-9501-4ED0-9285-2CE07572290A}.Debug|Any CPU.ActiveCfg = Debug|Any CPU
		{30F38D0E-9501-4ED0-9285-2CE07572290A}.Debug|Any CPU.Build.0 = Debug|Any CPU
		{30F38D0E-9501-4ED0-9285-2CE07572290A}.Release|Any CPU.ActiveCfg = Release|Any CPU
		{30F38D0E-9501-4ED0-9285-2CE07572290A}.Release|Any CPU.Build.0 = Release|Any CPU
	EndGlobalSection
	GlobalSection(SolutionProperties) = preSolution
		HideSolutionNode = FALSE
	EndGlobalSection
	GlobalSection(ExtensibilityGlobals) = postSolution
		SolutionGuid = {8F72A9F3-E822-40EE-9B7B-967565812E7C}
	EndGlobalSection
EndGlobal
